<Solution>
  <Folder Name="/src/">
    <Project Path="src/Munarium.Core/Munarium.Core.csproj" />
    <Project Path="src/Munarium.Providers/Munarium.Providers.csproj" />
    <Project Path="src/Munarium.Store.SharpCoreDb/Munarium.Store.SharpCoreDb.csproj" />
    <Project Path="src/Munarium.Wire/Munarium.Wire.csproj" />
    <Project Path="src/Munarium.Server/Munarium.Server.csproj" />
  </Folder>
  <Folder Name="/tests/">
    <Project Path="tests/Munarium.Core.Tests/Munarium.Core.Tests.csproj" />
    <Project Path="tests/Munarium.Providers.Tests/Munarium.Providers.Tests.csproj" />
    <Project Path="tests/Munarium.Server.Tests/Munarium.Server.Tests.csproj" />
    <Project Path="tests/Munarium.Store.SharpCoreDb.Tests/Munarium.Store.SharpCoreDb.Tests.csproj" />
  </Folder>
  <Folder Name="/tools/">
    <Project Path="tools/Munarium.AotSmoke/Munarium.AotSmoke.csproj" />
  </Folder>
</Solution>


